
Microsoft Visual Studio Solution File, Format Version 12.00
# Visual Studio 15
VisualStudioVersion = 15.0.27004.2006
MinimumVisualStudioVersion = 10.0.40219.1
Project("{FAE04EC0-301F-11D3-BF4B-00C04F79EFBC}") = "ClassLibraryPerson", "ClassLibraryPerson\ClassLibraryPerson.csproj", "{312004B4-3A05-4FE9-AF0F-5CC8F39381A0}"
EndProject
Project("{FAE04EC0-301F-11D3-BF4B-00C04F79EFBC}") = "ClassLibraryPersonTests", "ClassLibraryPersonTests\ClassLibraryPersonTests.csproj", "{2E01DC68-4CBA-4520-8AAD-7C914D364551}"
EndProject
Global
	GlobalSection(SolutionConfigurationPlatforms) = preSolution
		Debug|Any CPU = Debug|Any CPU
		Release|Any CPU = Release|Any CPU
	EndGlobalSection
	GlobalSection(ProjectConfigurationPlatforms) = postSolution
		{312004B4-3A05-4FE9-AF0F-5CC8F39381A0}.Debug|Any CPU.ActiveCfg = Debug|Any CPU
		{312004B4-3A05-4FE9-AF0F-5CC8F39381A0}.Debug|Any CPU.Build.0 = Debug|Any CPU
		{312004B4-3A05-4FE9-AF0F-5CC8F39381A0}.Release|Any CPU.ActiveCfg = Release|Any CPU
		{312004B4-3A05-4FE9-AF0F-5CC8F39381A0}.Release|Any CPU.Build.0 = Release|Any CPU
		{2E01DC68-4CBA-4520-8AAD-7C914D364551}.Debug|Any CPU.ActiveCfg = Debug|Any CPU
		{2E01DC68-4CBA-4520-8AAD-7C914D364551}.Debug|Any CPU.Build.0 = Debug|Any CPU
		{2E01DC68-4CBA-4520-8AAD-7C914D364551}.Release|Any CPU.ActiveCfg = Release|Any CPU
		{2E01DC68-4CBA-4520-8AAD-7C914D364551}.Release|Any CPU.Build.0 = Release|Any CPU
	EndGlobalSection
	GlobalSection(SolutionProperties) = preSolution
		HideSolutionNode = FALSE
	EndGlobalSection
	GlobalSection(ExtensibilityGlobals) = postSolution
		SolutionGuid = {18F7A110-6323-464B-9E46-3C75E7BE66DE}
	EndGlobalSection
EndGlobal
